
Microsoft Visual Studio Solution File, Format Version 12.00
# Visual Studio Version 17
VisualStudioVersion = 17.0.31903.59
MinimumVisualStudioVersion = 10.0.40219.1
Project("{9A19103F-16F7-4668-BE54-9A1E7A4F7556}") = "RecipesAPI.API", "RecipesAPI.API\RecipesAPI.API.csproj", "{D9185448-9DB5-432E-A3CD-567E35EFADD5}"
EndProject
Project("{9A19103F-16F7-4668-BE54-9A1E7A4F7556}") = "RecipesAPI.Tests", "RecipesAPI.Tests\RecipesAPI.Tests.csproj", "{DA1B6382-8462-42AA-BF20-8F2CB1F677F0}"
EndProject
Global
	GlobalSection(SolutionConfigurationPlatforms) = preSolution
		Debug|Any CPU = Debug|Any CPU
		Release|Any CPU = Release|Any CPU
	EndGlobalSection
	GlobalSection(SolutionProperties) = preSolution
		HideSolutionNode = FALSE
	EndGlobalSection
	GlobalSection(ProjectConfigurationPlatforms) = postSolution
		{D9185448-9DB5-432E-A3CD-567E35EFADD5}.Debug|Any CPU.ActiveCfg = Debug|Any CPU
		{D9185448-9DB5-432E-A3CD-567E35EFADD5}.Debug|Any CPU.Build.0 = Debug|Any CPU
		{D9185448-9DB5-432E-A3CD-567E35EFADD5}.Release|Any CPU.ActiveCfg = Release|Any CPU
		{D9185448-9DB5-432E-A3CD-567E35EFADD5}.Release|Any CPU.Build.0 = Release|Any CPU
		{DA1B6382-8462-42AA-BF20-8F2CB1F677F0}.Debug|Any CPU.ActiveCfg = Debug|Any CPU
		{DA1B6382-8462-42AA-BF20-8F2CB1F677F0}.Debug|Any CPU.Build.0 = Debug|Any CPU
		{DA1B6382-8462-42AA-BF20-8F2CB1F677F0}.Release|Any CPU.ActiveCfg = Release|Any CPU
		{DA1B6382-8462-42AA-BF20-8F2CB1F677F0}.Release|Any CPU.Build.0 = Release|Any CPU
	EndGlobalSection
EndGlobal
